
Microsoft Visual Studio Solution File, Format Version 12.00
# Visual Studio Version 16
VisualStudioVersion = 16.0.30611.23
MinimumVisualStudioVersion = 10.0.40219.1
Project("{9A19103F-16F7-4668-BE54-9A1E7A4F7556}") = "SeleniumManager", "SeleniumManager.csproj", "{1F40BA3B-AFEB-4F1A-9323-310F7D0A5130}"
EndProject
Project("{FAE04EC0-301F-11D3-BF4B-00C04F79EFBC}") = "ExcelManager", "..\..\05_Excel_Manager\ExcelManager\ExcelManager.csproj", "{B7D9AABB-CF5D-4936-9F64-918FDEC226AD}"
EndProject
Global
	GlobalSection(SolutionConfigurationPlatforms) = preSolution
		Debug|Any CPU = Debug|Any CPU
		Release|Any CPU = Release|Any CPU
	EndGlobalSection
	GlobalSection(ProjectConfigurationPlatforms) = postSolution
		{1F40BA3B-AFEB-4F1A-9323-310F7D0A5130}.Debug|Any CPU.ActiveCfg = Debug|Any CPU
		{1F40BA3B-AFEB-4F1A-9323-310F7D0A5130}.Debug|Any CPU.Build.0 = Debug|Any CPU
		{1F40BA3B-AFEB-4F1A-9323-310F7D0A5130}.Release|Any CPU.ActiveCfg = Release|Any CPU
		{1F40BA3B-AFEB-4F1A-9323-310F7D0A5130}.Release|Any CPU.Build.0 = Release|Any CPU
		{B7D9AABB-CF5D-4936-9F64-918FDEC226AD}.Debug|Any CPU.ActiveCfg = Debug|Any CPU
		{B7D9AABB-CF5D-4936-9F64-918FDEC226AD}.Debug|Any CPU.Build.0 = Debug|Any CPU
		{B7D9AABB-CF5D-4936-9F64-918FDEC226AD}.Release|Any CPU.ActiveCfg = Release|Any CPU
		{B7D9AABB-CF5D-4936-9F64-918FDEC226AD}.Release|Any CPU.Build.0 = Release|Any CPU
	EndGlobalSection
	GlobalSection(SolutionProperties) = preSolution
		HideSolutionNode = FALSE
	EndGlobalSection
	GlobalSection(ExtensibilityGlobals) = postSolution
		SolutionGuid = {961FC429-49F0-4943-A610-EE6A0D7EA8D6}
	EndGlobalSection
EndGlobal
